
Microsoft Visual Studio Solution File, Format Version 12.00
# Visual Studio Version 17
VisualStudioVersion = 17.8.34525.116
MinimumVisualStudioVersion = 10.0.40219.1
Project("{8BC9CEB8-8B4A-11D0-8D11-00A0C91BC942}") = "Chapter3-1436-Feb8", "Chapter3-1436-Feb8\Chapter3-1436-Feb8.vcxproj", "{74B10AB3-8F5A-40EF-A12C-A3AEDA5B6F05}"
EndProject
Project("{8BC9CEB8-8B4A-11D0-8D11-00A0C91BC942}") = "Feb13-Chapter3-continued", "Feb13-Chapter3-continued\Feb13-Chapter3-continued.vcxproj", "{46BF3308-02EF-4373-8531-99A9637EE907}"
EndProject
Project("{8BC9CEB8-8B4A-11D0-8D11-00A0C91BC942}") = "Feb15-finishingChapter3", "Feb15-finishingChapter3\Feb15-finishingChapter3.vcxproj", "{E7BA3A0A-56E6-4DDA-917F-BA96B84E4196}"
EndProject
Project("{8BC9CEB8-8B4A-11D0-8D11-00A0C91BC942}") = "Feb15-AGAIN", "Feb15-AGAIN\Feb15-AGAIN.vcxproj", "{701768B8-A688-4DD0-AD33-9FB724E68B67}"
EndProject
Project("{8BC9CEB8-8B4A-11D0-8D11-00A0C91BC942}") = "READING input files - hooray", "READING input files - hooray\READING input files - hooray.vcxproj", "{743104FA-D99B-4320-807C-54AA08CE21C6}"
EndProject
Project("{8BC9CEB8-8B4A-11D0-8D11-00A0C91BC942}") = "One submission of Lab 3b", "One submission of Lab 3b\One submission of Lab 3b.vcxproj", "{988BDB1C-FD79-4F67-A7A9-47748FC184F3}"
EndProject
Project("{8BC9CEB8-8B4A-11D0-8D11-00A0C91BC942}") = "Demo-getline", "Demo-getline\Demo-getline.vcxproj", "{4E9A5F10-CBBD-4307-8929-A5898331B66A}"
EndProject
Project("{8BC9CEB8-8B4A-11D0-8D11-00A0C91BC942}") = "DebugginDemo", "DebugginDemo\DebugginDemo.vcxproj", "{AB127773-6455-46AE-9EB5-3A0C4506B97A}"
EndProject
Project("{8BC9CEB8-8B4A-11D0-8D11-00A0C91BC942}") = "OneSubmissionOfLab3c", "OneSubmissionOfLab3c\OneSubmissionOfLab3c.vcxproj", "{BA2F410F-0675-4ECD-8027-EFE3867C80DA}"
EndProject
Project("{8BC9CEB8-8B4A-11D0-8D11-00A0C91BC942}") = "Writing OUTPUT files", "Writing OUTPUT files\Writing OUTPUT files.vcxproj", "{F8676CB9-2D91-4A88-8B72-0E99782647F6}"
EndProject
Global
	GlobalSection(SolutionConfigurationPlatforms) = preSolution
		Debug|x64 = Debug|x64
		Debug|x86 = Debug|x86
		Release|x64 = Release|x64
		Release|x86 = Release|x86
	EndGlobalSection
	GlobalSection(ProjectConfigurationPlatforms) = postSolution
		{74B10AB3-8F5A-40EF-A12C-A3AEDA5B6F05}.Debug|x64.ActiveCfg = Debug|x64
		{74B10AB3-8F5A-40EF-A12C-A3AEDA5B6F05}.Debug|x64.Build.0 = Debug|x64
		{74B10AB3-8F5A-40EF-A12C-A3AEDA5B6F05}.Debug|x86.ActiveCfg = Debug|Win32
		{74B10AB3-8F5A-40EF-A12C-A3AEDA5B6F05}.Debug|x86.Build.0 = Debug|Win32
		{74B10AB3-8F5A-40EF-A12C-A3AEDA5B6F05}.Release|x64.ActiveCfg = Release|x64
		{74B10AB3-8F5A-40EF-A12C-A3AEDA5B6F05}.Release|x64.Build.0 = Release|x64
		{74B10AB3-8F5A-40EF-A12C-A3AEDA5B6F05}.Release|x86.ActiveCfg = Release|Win32
		{74B10AB3-8F5A-40EF-A12C-A3AEDA5B6F05}.Release|x86.Build.0 = Release|Win32
		{46BF3308-02EF-4373-8531-99A9637EE907}.Debug|x64.ActiveCfg = Debug|x64
		{46BF3308-02EF-4373-8531-99A9637EE907}.Debug|x64.Build.0 = Debug|x64
		{46BF3308-02EF-4373-8531-99A9637EE907}.Debug|x86.ActiveCfg = Debug|Win32
		{46BF3308-02EF-4373-8531-99A9637EE907}.Debug|x86.Build.0 = Debug|Win32
		{46BF3308-02EF-4373-8531-99A9637EE907}.Release|x64.ActiveCfg = Release|x64
		{46BF3308-02EF-4373-8531-99A9637EE907}.Release|x64.Build.0 = Release|x64
		{46BF3308-02EF-4373-8531-99A9637EE907}.Release|x86.ActiveCfg = Release|Win32
		{46BF3308-02EF-4373-8531-99A9637EE907}.Release|x86.Build.0 = Release|Win32
		{E7BA3A0A-56E6-4DDA-917F-BA96B84E4196}.Debug|x64.ActiveCfg = Debug|x64
		{E7BA3A0A-56E6-4DDA-917F-BA96B84E4196}.Debug|x64.Build.0 = Debug|x64
		{E7BA3A0A-56E6-4DDA-917F-BA96B84E4196}.Debug|x86.ActiveCfg = Debug|Win32
		{E7BA3A0A-56E6-4DDA-917F-BA96B84E4196}.Debug|x86.Build.0 = Debug|Win32
		{E7BA3A0A-56E6-4DDA-917F-BA96B84E4196}.Release|x64.ActiveCfg = Release|x64
		{E7BA3A0A-56E6-4DDA-917F-BA96B84E4196}.Release|x64.Build.0 = Release|x64
		{E7BA3A0A-56E6-4DDA-917F-BA96B84E4196}.Release|x86.ActiveCfg = Release|Win32
		{E7BA3A0A-56E6-4DDA-917F-BA96B84E4196}.Release|x86.Build.0 = Release|Win32
		{701768B8-A688-4DD0-AD33-9FB724E68B67}.Debug|x64.ActiveCfg = Debug|x64
		{701768B8-A688-4DD0-AD33-9FB724E68B67}.Debug|x64.Build.0 = Debug|x64
		{701768B8-A688-4DD0-AD33-9FB724E68B67}.Debug|x86.ActiveCfg = Debug|Win32
		{701768B8-A688-4DD0-AD33-9FB724E68B67}.Debug|x86.Build.0 = Debug|Win32
		{701768B8-A688-4DD0-AD33-9FB724E68B67}.Release|x64.ActiveCfg = Release|x64
		{701768B8-A688-4DD0-AD33-9FB724E68B67}.Release|x64.Build.0 = Release|x64
		{701768B8-A688-4DD0-AD33-9FB724E68B67}.Release|x86.ActiveCfg = Release|Win32
		{701768B8-A688-4DD0-AD33-9FB724E68B67}.Release|x86.Build.0 = Release|Win32
		{743104FA-D99B-4320-807C-54AA08CE21C6}.Debug|x64.ActiveCfg = Debug|x64
		{743104FA-D99B-4320-807C-54AA08CE21C6}.Debug|x64.Build.0 = Debug|x64
		{743104FA-D99B-4320-807C-54AA08CE21C6}.Debug|x86.ActiveCfg = Debug|Win32
		{743104FA-D99B-4320-807C-54AA08CE21C6}.Debug|x86.Build.0 = Debug|Win32
		{743104FA-D99B-4320-807C-54AA08CE21C6}.Release|x64.ActiveCfg = Release|x64
		{743104FA-D99B-4320-807C-54AA08CE21C6}.Release|x64.Build.0 = Release|x64
		{743104FA-D99B-4320-807C-54AA08CE21C6}.Release|x86.ActiveCfg = Release|Win32
		{743104FA-D99B-4320-807C-54AA08CE21C6}.Release|x86.Build.0 = Release|Win32
		{988BDB1C-FD79-4F67-A7A9-47748FC184F3}.Debug|x64.ActiveCfg = Debug|x64
		{988BDB1C-FD79-4F67-A7A9-47748FC184F3}.Debug|x64.Build.0 = Debug|x64
		{988BDB1C-FD79-4F67-A7A9-47748FC184F3}.Debug|x86.ActiveCfg = Debug|Win32
		{988BDB1C-FD79-4F67-A7A9-47748FC184F3}.Debug|x86.Build.0 = Debug|Win32
		{988BDB1C-FD79-4F67-A7A9-47748FC184F3}.Release|x64.ActiveCfg = Release|x64
		{988BDB1C-FD79-4F67-A7A9-47748FC184F3}.Release|x64.Build.0 = Release|x64
		{988BDB1C-FD79-4F67-A7A9-47748FC184F3}.Release|x86.ActiveCfg = Release|Win32
		{988BDB1C-FD79-4F67-A7A9-47748FC184F3}.Release|x86.Build.0 = Release|Win32
		{4E9A5F10-CBBD-4307-8929-A5898331B66A}.Debug|x64.ActiveCfg = Debug|x64
		{4E9A5F10-CBBD-4307-8929-A5898331B66A}.Debug|x64.Build.0 = Debug|x64
		{4E9A5F10-CBBD-4307-8929-A5898331B66A}.Debug|x86.ActiveCfg = Debug|Win32
		{4E9A5F10-CBBD-4307-8929-A5898331B66A}.Debug|x86.Build.0 = Debug|Win32
		{4E9A5F10-CBBD-4307-8929-A5898331B66A}.Release|x64.ActiveCfg = Release|x64
		{4E9A5F10-CBBD-4307-8929-A5898331B66A}.Release|x64.Build.0 = Release|x64
		{4E9A5F10-CBBD-4307-8929-A5898331B66A}.Release|x86.ActiveCfg = Release|Win32
		{4E9A5F10-CBBD-4307-8929-A5898331B66A}.Release|x86.Build.0 = Release|Win32
		{AB127773-6455-46AE-9EB5-3A0C4506B97A}.Debug|x64.ActiveCfg = Debug|x64
		{AB127773-6455-46AE-9EB5-3A0C4506B97A}.Debug|x64.Build.0 = Debug|x64
		{AB127773-6455-46AE-9EB5-3A0C4506B97A}.Debug|x86.ActiveCfg = Debug|Win32
		{AB127773-6455-46AE-9EB5-3A0C4506B97A}.Debug|x86.Build.0 = Debug|Win32
		{AB127773-6455-46AE-9EB5-3A0C4506B97A}.Release|x64.ActiveCfg = Release|x64
		{AB127773-6455-46AE-9EB5-3A0C4506B97A}.Release|x64.Build.0 = Release|x64
		{AB127773-6455-46AE-9EB5-3A0C4506B97A}.Release|x86.ActiveCfg = Release|Win32
		{AB127773-6455-46AE-9EB5-3A0C4506B97A}.Release|x86.Build.0 = Release|Win32
		{BA2F410F-0675-4ECD-8027-EFE3867C80DA}.Debug|x64.ActiveCfg = Debug|x64
		{BA2F410F-0675-4ECD-8027-EFE3867C80DA}.Debug|x64.Build.0 = Debug|x64
		{BA2F410F-0675-4ECD-8027-EFE3867C80DA}.Debug|x86.ActiveCfg = Debug|Win32
		{BA2F410F-0675-4ECD-8027-EFE3867C80DA}.Debug|x86.Build.0 = Debug|Win32
		{BA2F410F-0675-4ECD-8027-EFE3867C80DA}.Release|x64.ActiveCfg = Release|x64
		{BA2F410F-0675-4ECD-8027-EFE3867C80DA}.Release|x64.Build.0 = Release|x64
		{BA2F410F-0675-4ECD-8027-EFE3867C80DA}.Release|x86.ActiveCfg = Release|Win32
		{BA2F410F-0675-4ECD-8027-EFE3867C80DA}.Release|x86.Build.0 = Release|Win32
		{F8676CB9-2D91-4A88-8B72-0E99782647F6}.Debug|x64.ActiveCfg = Debug|x64
		{F8676CB9-2D91-4A88-8B72-0E99782647F6}.Debug|x64.Build.0 = Debug|x64
		{F8676CB9-2D91-4A88-8B72-0E99782647F6}.Debug|x86.ActiveCfg = Debug|Win32
		{F8676CB9-2D91-4A88-8B72-0E99782647F6}.Debug|x86.Build.0 = Debug|Win32
		{F8676CB9-2D91-4A88-8B72-0E99782647F6}.Release|x64.ActiveCfg = Release|x64
		{F8676CB9-2D91-4A88-8B72-0E99782647F6}.Release|x64.Build.0 = Release|x64
		{F8676CB9-2D91-4A88-8B72-0E99782647F6}.Release|x86.ActiveCfg = Release|Win32
		{F8676CB9-2D91-4A88-8B72-0E99782647F6}.Release|x86.Build.0 = Release|Win32
	EndGlobalSection
	GlobalSection(SolutionProperties) = preSolution
		HideSolutionNode = FALSE
	EndGlobalSection
	GlobalSection(ExtensibilityGlobals) = postSolution
		SolutionGuid = {369985F9-A8E3-4D59-9A56-50653DF83036}
	EndGlobalSection
EndGlobal
